{
  "name": "birthday-reminder",
  "version": "1.0.0",
  "lockfileVersion": 3,
  "requires": true,
  "packages": {
    "": {
      "name": "birthday-reminder",
      "version": "1.0.0",
      "dependencies": {
        "dotenv": "^16.4.5",
        "solarlunar": "^2.0.7"
      },
      "engines": {
        "node": ">=18"
      }
    },
    "node_modules/dotenv": {
      "version": "16.6.1",
      "resolved": "https://registry.npmmirror.com/dotenv/-/dotenv-16.6.1.tgz",
      "integrity": "sha512-uBq4egWHTcTt33a72vpSG0z3HnPuIl6NqYcTrKEg2azoEyl2hpW0zqlxysq2pK9HlDIHyHyakeYaYnSAwd8bow==",
      "license": "BSD-2-Clause",
      "engines": {
        "node": ">=12"
      },
      "funding": {
        "url": "https://dotenvx.com"
      }
    },
    "node_modules/solarlunar": {
      "version": "2.0.7",
      "resolved": "https://registry.npmmirror.com/solarlunar/-/solarlunar-2.0.7.tgz",
      "integrity": "sha512-2SfuCCgAAxFU5MTMYuKGbRgRLcPTJQf3azMEw/GmBpHXA7N2eAQJStSqktZJjnq4qRCboBPnqEB866+PCregag==",
      "license": "ISC"
    }
  }
}
